
Microsoft Visual Studio Solution File, Format Version 12.00
# Visual Studio Version 16
VisualStudioVersion = 16.0.29503.13
MinimumVisualStudioVersion = 10.0.40219.1
Project("{9A19103F-16F7-4668-BE54-9A1E7A4F7556}") = "Metronome.Api", "Metronome.Api\Metronome.Api.csproj", "{F7DD1D76-BF52-4D4C-86F8-87AD10AF7067}"
EndProject
Project("{9A19103F-16F7-4668-BE54-9A1E7A4F7556}") = "Metronome.Api.DAL", "Metronome.Api.DAL\Metronome.Api.DAL.csproj", "{6B317147-B5DE-41F7-80B7-E8C7A1A3333F}"
EndProject
Project("{9A19103F-16F7-4668-BE54-9A1E7A4F7556}") = "Metronome.Api.DB", "Metronome.Api.DB\Metronome.Api.DB.csproj", "{940AF98D-27A3-43DE-AC56-552F920351C8}"
EndProject
Project("{FAE04EC0-301F-11D3-BF4B-00C04F79EFBC}") = "Metronome.Api.DAL.Tests", "Metronome.Api.DAL.Tests\Metronome.Api.DAL.Tests.csproj", "{61C68506-F6EB-4C01-A087-AAF13B5B1F0F}"
EndProject
Global
	GlobalSection(SolutionConfigurationPlatforms) = preSolution
		Debug|Any CPU = Debug|Any CPU
		Release|Any CPU = Release|Any CPU
	EndGlobalSection
	GlobalSection(ProjectConfigurationPlatforms) = postSolution
		{F7DD1D76-BF52-4D4C-86F8-87AD10AF7067}.Debug|Any CPU.ActiveCfg = Debug|Any CPU
		{F7DD1D76-BF52-4D4C-86F8-87AD10AF7067}.Debug|Any CPU.Build.0 = Debug|Any CPU
		{F7DD1D76-BF52-4D4C-86F8-87AD10AF7067}.Release|Any CPU.ActiveCfg = Release|Any CPU
		{F7DD1D76-BF52-4D4C-86F8-87AD10AF7067}.Release|Any CPU.Build.0 = Release|Any CPU
		{6B317147-B5DE-41F7-80B7-E8C7A1A3333F}.Debug|Any CPU.ActiveCfg = Debug|Any CPU
		{6B317147-B5DE-41F7-80B7-E8C7A1A3333F}.Debug|Any CPU.Build.0 = Debug|Any CPU
		{6B317147-B5DE-41F7-80B7-E8C7A1A3333F}.Release|Any CPU.ActiveCfg = Release|Any CPU
		{6B317147-B5DE-41F7-80B7-E8C7A1A3333F}.Release|Any CPU.Build.0 = Release|Any CPU
		{940AF98D-27A3-43DE-AC56-552F920351C8}.Debug|Any CPU.ActiveCfg = Debug|Any CPU
		{940AF98D-27A3-43DE-AC56-552F920351C8}.Debug|Any CPU.Build.0 = Debug|Any CPU
		{940AF98D-27A3-43DE-AC56-552F920351C8}.Release|Any CPU.ActiveCfg = Release|Any CPU
		{940AF98D-27A3-43DE-AC56-552F920351C8}.Release|Any CPU.Build.0 = Release|Any CPU
		{61C68506-F6EB-4C01-A087-AAF13B5B1F0F}.Debug|Any CPU.ActiveCfg = Debug|Any CPU
		{61C68506-F6EB-4C01-A087-AAF13B5B1F0F}.Debug|Any CPU.Build.0 = Debug|Any CPU
		{61C68506-F6EB-4C01-A087-AAF13B5B1F0F}.Release|Any CPU.ActiveCfg = Release|Any CPU
		{61C68506-F6EB-4C01-A087-AAF13B5B1F0F}.Release|Any CPU.Build.0 = Release|Any CPU
	EndGlobalSection
	GlobalSection(SolutionProperties) = preSolution
		HideSolutionNode = FALSE
	EndGlobalSection
	GlobalSection(ExtensibilityGlobals) = postSolution
		SolutionGuid = {8CC0ADF5-C922-4E6E-A85E-39F56091358C}
	EndGlobalSection
EndGlobal
